
Microsoft Visual Studio Solution File, Format Version 12.00
# Visual Studio Version 17
VisualStudioVersion = 17.11.35327.3
MinimumVisualStudioVersion = 10.0.40219.1
Project("{FAE04EC0-301F-11D3-BF4B-00C04F79EFBC}") = "projekoton", "projekoton\projekoton.csproj", "{EE85266B-CAEE-4441-B438-DB357592EF72}"
EndProject
Project("{FAE04EC0-301F-11D3-BF4B-00C04F79EFBC}") = "OddEvenDetector", "OddEvenDetector\OddEvenDetector.csproj", "{3BC8279B-E1E2-4469-BD23-2BDA98DB611F}"
EndProject
Project("{FAE04EC0-301F-11D3-BF4B-00C04F79EFBC}") = "VirtualMethods", "VirtualMethods\VirtualMethods.csproj", "{BC151034-39B9-4D38-A1F2-2ECD0B9B8431}"
EndProject
Project("{FAE04EC0-301F-11D3-BF4B-00C04F79EFBC}") = "AbstractClass", "AbstractClass\AbstractClass.csproj", "{E6019CC5-A49C-454B-9167-A8BD04C06AA9}"
EndProject
Global
	GlobalSection(SolutionConfigurationPlatforms) = preSolution
		Debug|Any CPU = Debug|Any CPU
		Release|Any CPU = Release|Any CPU
	EndGlobalSection
	GlobalSection(ProjectConfigurationPlatforms) = postSolution
		{EE85266B-CAEE-4441-B438-DB357592EF72}.Debug|Any CPU.ActiveCfg = Debug|Any CPU
		{EE85266B-CAEE-4441-B438-DB357592EF72}.Debug|Any CPU.Build.0 = Debug|Any CPU
		{EE85266B-CAEE-4441-B438-DB357592EF72}.Release|Any CPU.ActiveCfg = Release|Any CPU
		{EE85266B-CAEE-4441-B438-DB357592EF72}.Release|Any CPU.Build.0 = Release|Any CPU
		{3BC8279B-E1E2-4469-BD23-2BDA98DB611F}.Debug|Any CPU.ActiveCfg = Debug|Any CPU
		{3BC8279B-E1E2-4469-BD23-2BDA98DB611F}.Debug|Any CPU.Build.0 = Debug|Any CPU
		{3BC8279B-E1E2-4469-BD23-2BDA98DB611F}.Release|Any CPU.ActiveCfg = Release|Any CPU
		{3BC8279B-E1E2-4469-BD23-2BDA98DB611F}.Release|Any CPU.Build.0 = Release|Any CPU
		{BC151034-39B9-4D38-A1F2-2ECD0B9B8431}.Debug|Any CPU.ActiveCfg = Debug|Any CPU
		{BC151034-39B9-4D38-A1F2-2ECD0B9B8431}.Debug|Any CPU.Build.0 = Debug|Any CPU
		{BC151034-39B9-4D38-A1F2-2ECD0B9B8431}.Release|Any CPU.ActiveCfg = Release|Any CPU
		{BC151034-39B9-4D38-A1F2-2ECD0B9B8431}.Release|Any CPU.Build.0 = Release|Any CPU
		{E6019CC5-A49C-454B-9167-A8BD04C06AA9}.Debug|Any CPU.ActiveCfg = Debug|Any CPU
		{E6019CC5-A49C-454B-9167-A8BD04C06AA9}.Debug|Any CPU.Build.0 = Debug|Any CPU
		{E6019CC5-A49C-454B-9167-A8BD04C06AA9}.Release|Any CPU.ActiveCfg = Release|Any CPU
		{E6019CC5-A49C-454B-9167-A8BD04C06AA9}.Release|Any CPU.Build.0 = Release|Any CPU
	EndGlobalSection
	GlobalSection(SolutionProperties) = preSolution
		HideSolutionNode = FALSE
	EndGlobalSection
	GlobalSection(ExtensibilityGlobals) = postSolution
		SolutionGuid = {BCE45F64-9A21-40B5-A443-F0A3441B1018}
	EndGlobalSection
EndGlobal
